
Microsoft Visual Studio Solution File, Format Version 12.00
# Visual Studio Version 17
VisualStudioVersion = 17.0.31903.59
MinimumVisualStudioVersion = 10.0.40219.1
Project("{2150E333-8FDC-42A3-9474-1A3956D46DE8}") = "src", "src", "{F86385B9-5A94-490E-94DA-EF3BBD1B0D30}"
EndProject
Project("{9A19103F-16F7-4668-BE54-9A1E7A4F7556}") = "Bewoning.Informatie.Service", "Bewoning.Informatie.Service\Bewoning.Informatie.Service.csproj", "{AC16FCA1-F543-4956-A6C2-FD32A4E885C1}"
EndProject
Project("{2150E333-8FDC-42A3-9474-1A3956D46DE8}") = "tests", "tests", "{37783004-F987-4A51-BDE1-389C5282090B}"
EndProject
Project("{9A19103F-16F7-4668-BE54-9A1E7A4F7556}") = "Bewoning.Informatie.Service.Tests", "Bewoning.Informatie.Service.Tests\Bewoning.Informatie.Service.Tests.csproj", "{882C4219-CC9D-49B1-8D40-38794AEB80EF}"
EndProject
Project("{9A19103F-16F7-4668-BE54-9A1E7A4F7556}") = "Bewoning.Data.Mock", "Bewoning.Data.Mock\Bewoning.Data.Mock.csproj", "{2E6B500E-C02B-4E44-963B-57A0F99CC8BC}"
EndProject
Project("{9A19103F-16F7-4668-BE54-9A1E7A4F7556}") = "Bewoning.Data.Mock.Tests", "Bewoning.Data.Mock.Tests\Bewoning.Data.Mock.Tests.csproj", "{53AC05CB-986E-4672-9856-40C3723C3326}"
EndProject
Project("{9A19103F-16F7-4668-BE54-9A1E7A4F7556}") = "Brp.Shared.Infrastructure", "Brp.Shared.Infrastructure\Brp.Shared.Infrastructure.csproj", "{ED0EFA09-F114-4AD9-9B69-0196C68F7D48}"
EndProject
Project("{9A19103F-16F7-4668-BE54-9A1E7A4F7556}") = "Serilog.Sinks.PersistentFile", "Serilog.Sinks.PersistentFile\Serilog.Sinks.PersistentFile.csproj", "{D868F1D1-5597-47FC-8B18-01877688C420}"
EndProject
Project("{9A19103F-16F7-4668-BE54-9A1E7A4F7556}") = "Brp.Shared.DtoMappers", "Brp.Shared.DtoMappers\Brp.Shared.DtoMappers.csproj", "{246767FA-DB08-4467-99FC-5C49721B227A}"
EndProject
Project("{FAE04EC0-301F-11D3-BF4B-00C04F79EFBC}") = "Brp.Shared.Validatie", "Brp.Shared.Validatie\Brp.Shared.Validatie.csproj", "{8CEC9B1A-9C68-46E7-A099-9C797ACB7F1E}"
EndProject
Global
	GlobalSection(SolutionConfigurationPlatforms) = preSolution
		Debug|Any CPU = Debug|Any CPU
		Release|Any CPU = Release|Any CPU
	EndGlobalSection
	GlobalSection(ProjectConfigurationPlatforms) = postSolution
		{AC16FCA1-F543-4956-A6C2-FD32A4E885C1}.Debug|Any CPU.ActiveCfg = Debug|Any CPU
		{AC16FCA1-F543-4956-A6C2-FD32A4E885C1}.Debug|Any CPU.Build.0 = Debug|Any CPU
		{AC16FCA1-F543-4956-A6C2-FD32A4E885C1}.Release|Any CPU.ActiveCfg = Release|Any CPU
		{AC16FCA1-F543-4956-A6C2-FD32A4E885C1}.Release|Any CPU.Build.0 = Release|Any CPU
		{882C4219-CC9D-49B1-8D40-38794AEB80EF}.Debug|Any CPU.ActiveCfg = Debug|Any CPU
		{882C4219-CC9D-49B1-8D40-38794AEB80EF}.Debug|Any CPU.Build.0 = Debug|Any CPU
		{882C4219-CC9D-49B1-8D40-38794AEB80EF}.Release|Any CPU.ActiveCfg = Release|Any CPU
		{882C4219-CC9D-49B1-8D40-38794AEB80EF}.Release|Any CPU.Build.0 = Release|Any CPU
		{2E6B500E-C02B-4E44-963B-57A0F99CC8BC}.Debug|Any CPU.ActiveCfg = Debug|Any CPU
		{2E6B500E-C02B-4E44-963B-57A0F99CC8BC}.Debug|Any CPU.Build.0 = Debug|Any CPU
		{2E6B500E-C02B-4E44-963B-57A0F99CC8BC}.Release|Any CPU.ActiveCfg = Release|Any CPU
		{2E6B500E-C02B-4E44-963B-57A0F99CC8BC}.Release|Any CPU.Build.0 = Release|Any CPU
		{53AC05CB-986E-4672-9856-40C3723C3326}.Debug|Any CPU.ActiveCfg = Debug|Any CPU
		{53AC05CB-986E-4672-9856-40C3723C3326}.Debug|Any CPU.Build.0 = Debug|Any CPU
		{53AC05CB-986E-4672-9856-40C3723C3326}.Release|Any CPU.ActiveCfg = Release|Any CPU
		{53AC05CB-986E-4672-9856-40C3723C3326}.Release|Any CPU.Build.0 = Release|Any CPU
		{ED0EFA09-F114-4AD9-9B69-0196C68F7D48}.Debug|Any CPU.ActiveCfg = Debug|Any CPU
		{ED0EFA09-F114-4AD9-9B69-0196C68F7D48}.Debug|Any CPU.Build.0 = Debug|Any CPU
		{ED0EFA09-F114-4AD9-9B69-0196C68F7D48}.Release|Any CPU.ActiveCfg = Release|Any CPU
		{ED0EFA09-F114-4AD9-9B69-0196C68F7D48}.Release|Any CPU.Build.0 = Release|Any CPU
		{D868F1D1-5597-47FC-8B18-01877688C420}.Debug|Any CPU.ActiveCfg = Debug|Any CPU
		{D868F1D1-5597-47FC-8B18-01877688C420}.Debug|Any CPU.Build.0 = Debug|Any CPU
		{D868F1D1-5597-47FC-8B18-01877688C420}.Release|Any CPU.ActiveCfg = Release|Any CPU
		{D868F1D1-5597-47FC-8B18-01877688C420}.Release|Any CPU.Build.0 = Release|Any CPU
		{246767FA-DB08-4467-99FC-5C49721B227A}.Debug|Any CPU.ActiveCfg = Debug|Any CPU
		{246767FA-DB08-4467-99FC-5C49721B227A}.Debug|Any CPU.Build.0 = Debug|Any CPU
		{246767FA-DB08-4467-99FC-5C49721B227A}.Release|Any CPU.ActiveCfg = Release|Any CPU
		{246767FA-DB08-4467-99FC-5C49721B227A}.Release|Any CPU.Build.0 = Release|Any CPU
		{8CEC9B1A-9C68-46E7-A099-9C797ACB7F1E}.Debug|Any CPU.ActiveCfg = Debug|Any CPU
		{8CEC9B1A-9C68-46E7-A099-9C797ACB7F1E}.Debug|Any CPU.Build.0 = Debug|Any CPU
		{8CEC9B1A-9C68-46E7-A099-9C797ACB7F1E}.Release|Any CPU.ActiveCfg = Release|Any CPU
		{8CEC9B1A-9C68-46E7-A099-9C797ACB7F1E}.Release|Any CPU.Build.0 = Release|Any CPU
	EndGlobalSection
	GlobalSection(SolutionProperties) = preSolution
		HideSolutionNode = FALSE
	EndGlobalSection
	GlobalSection(NestedProjects) = preSolution
		{AC16FCA1-F543-4956-A6C2-FD32A4E885C1} = {F86385B9-5A94-490E-94DA-EF3BBD1B0D30}
		{882C4219-CC9D-49B1-8D40-38794AEB80EF} = {37783004-F987-4A51-BDE1-389C5282090B}
		{2E6B500E-C02B-4E44-963B-57A0F99CC8BC} = {F86385B9-5A94-490E-94DA-EF3BBD1B0D30}
		{53AC05CB-986E-4672-9856-40C3723C3326} = {37783004-F987-4A51-BDE1-389C5282090B}
		{ED0EFA09-F114-4AD9-9B69-0196C68F7D48} = {F86385B9-5A94-490E-94DA-EF3BBD1B0D30}
		{D868F1D1-5597-47FC-8B18-01877688C420} = {F86385B9-5A94-490E-94DA-EF3BBD1B0D30}
		{246767FA-DB08-4467-99FC-5C49721B227A} = {F86385B9-5A94-490E-94DA-EF3BBD1B0D30}
		{8CEC9B1A-9C68-46E7-A099-9C797ACB7F1E} = {F86385B9-5A94-490E-94DA-EF3BBD1B0D30}
	EndGlobalSection
	GlobalSection(ExtensibilityGlobals) = postSolution
		SolutionGuid = {A4E5BF09-25EF-478C-8818-781D22C8C5B9}
	EndGlobalSection
EndGlobal
